
Microsoft Visual Studio Solution File, Format Version 12.00
# Visual Studio Version 17
VisualStudioVersion = 17.6.33829.357
MinimumVisualStudioVersion = 10.0.40219.1
Project("{FAE04EC0-301F-11D3-BF4B-00C04F79EFBC}") = "AutomationTest_One", "AutomationTest_One.csproj", "{BB6BC695-3D01-427F-8185-6394424C9EBE}"
EndProject
Global
	GlobalSection(SolutionConfigurationPlatforms) = preSolution
		Debug|Any CPU = Debug|Any CPU
		Release|Any CPU = Release|Any CPU
	EndGlobalSection
	GlobalSection(ProjectConfigurationPlatforms) = postSolution
		{BB6BC695-3D01-427F-8185-6394424C9EBE}.Debug|Any CPU.ActiveCfg = Debug|Any CPU
		{BB6BC695-3D01-427F-8185-6394424C9EBE}.Debug|Any CPU.Build.0 = Debug|Any CPU
		{BB6BC695-3D01-427F-8185-6394424C9EBE}.Release|Any CPU.ActiveCfg = Release|Any CPU
		{BB6BC695-3D01-427F-8185-6394424C9EBE}.Release|Any CPU.Build.0 = Release|Any CPU
	EndGlobalSection
	GlobalSection(SolutionProperties) = preSolution
		HideSolutionNode = FALSE
	EndGlobalSection
	GlobalSection(ExtensibilityGlobals) = postSolution
		SolutionGuid = {3D34705F-2084-42BA-A3B6-711F72871F74}
	EndGlobalSection
EndGlobal
